
Microsoft Visual Studio Solution File, Format Version 12.00
# Visual Studio Version 17
VisualStudioVersion = 17.14.36518.9 d17.14
MinimumVisualStudioVersion = 10.0.40219.1
Project("{FAE04EC0-301F-11D3-BF4B-00C04F79EFBC}") = "Odbiorca_A", "Odbiorca_A\Odbiorca_A.csproj", "{45BE43E9-0823-46EC-BABB-CE87351B02FD}"
EndProject
Global
	GlobalSection(SolutionConfigurationPlatforms) = preSolution
		Debug|Any CPU = Debug|Any CPU
		Release|Any CPU = Release|Any CPU
	EndGlobalSection
	GlobalSection(ProjectConfigurationPlatforms) = postSolution
		{45BE43E9-0823-46EC-BABB-CE87351B02FD}.Debug|Any CPU.ActiveCfg = Debug|Any CPU
		{45BE43E9-0823-46EC-BABB-CE87351B02FD}.Debug|Any CPU.Build.0 = Debug|Any CPU
		{45BE43E9-0823-46EC-BABB-CE87351B02FD}.Release|Any CPU.ActiveCfg = Release|Any CPU
		{45BE43E9-0823-46EC-BABB-CE87351B02FD}.Release|Any CPU.Build.0 = Release|Any CPU
	EndGlobalSection
	GlobalSection(SolutionProperties) = preSolution
		HideSolutionNode = FALSE
	EndGlobalSection
	GlobalSection(ExtensibilityGlobals) = postSolution
		SolutionGuid = {5D97B3F9-FF13-4DD4-A88F-D22537E964A2}
	EndGlobalSection
EndGlobal
