
Microsoft Visual Studio Solution File, Format Version 12.00
# Visual Studio Version 17
VisualStudioVersion = 17.14.36518.9 d17.14
MinimumVisualStudioVersion = 10.0.40219.1
Project("{FAE04EC0-301F-11D3-BF4B-00C04F79EFBC}") = "Shared_Library", "Shared_Library\Shared_Library.csproj", "{F4B81232-8B2C-4E80-AEF8-8949EF1FEBCD}"
EndProject
Global
	GlobalSection(SolutionConfigurationPlatforms) = preSolution
		Debug|Any CPU = Debug|Any CPU
		Release|Any CPU = Release|Any CPU
	EndGlobalSection
	GlobalSection(ProjectConfigurationPlatforms) = postSolution
		{F4B81232-8B2C-4E80-AEF8-8949EF1FEBCD}.Debug|Any CPU.ActiveCfg = Debug|Any CPU
		{F4B81232-8B2C-4E80-AEF8-8949EF1FEBCD}.Debug|Any CPU.Build.0 = Debug|Any CPU
		{F4B81232-8B2C-4E80-AEF8-8949EF1FEBCD}.Release|Any CPU.ActiveCfg = Release|Any CPU
		{F4B81232-8B2C-4E80-AEF8-8949EF1FEBCD}.Release|Any CPU.Build.0 = Release|Any CPU
	EndGlobalSection
	GlobalSection(SolutionProperties) = preSolution
		HideSolutionNode = FALSE
	EndGlobalSection
	GlobalSection(ExtensibilityGlobals) = postSolution
		SolutionGuid = {EFA34B24-9124-47EE-8745-46BF996C5FDB}
	EndGlobalSection
EndGlobal
