
Microsoft Visual Studio Solution File, Format Version 12.00
# Visual Studio Version 17
VisualStudioVersion = 17.14.36518.9 d17.14
MinimumVisualStudioVersion = 10.0.40219.1
Project("{FAE04EC0-301F-11D3-BF4B-00C04F79EFBC}") = "Wydawca_W", "Wydawca_W\Wydawca_W.csproj", "{13294CA8-BB84-447D-8963-13D912974665}"
EndProject
Global
	GlobalSection(SolutionConfigurationPlatforms) = preSolution
		Debug|Any CPU = Debug|Any CPU
		Release|Any CPU = Release|Any CPU
	EndGlobalSection
	GlobalSection(ProjectConfigurationPlatforms) = postSolution
		{13294CA8-BB84-447D-8963-13D912974665}.Debug|Any CPU.ActiveCfg = Debug|Any CPU
		{13294CA8-BB84-447D-8963-13D912974665}.Debug|Any CPU.Build.0 = Debug|Any CPU
		{13294CA8-BB84-447D-8963-13D912974665}.Release|Any CPU.ActiveCfg = Release|Any CPU
		{13294CA8-BB84-447D-8963-13D912974665}.Release|Any CPU.Build.0 = Release|Any CPU
	EndGlobalSection
	GlobalSection(SolutionProperties) = preSolution
		HideSolutionNode = FALSE
	EndGlobalSection
	GlobalSection(ExtensibilityGlobals) = postSolution
		SolutionGuid = {D4C3FFA9-1B75-4A8F-B84B-028C0EF0D523}
	EndGlobalSection
EndGlobal
