
Microsoft Visual Studio Solution File, Format Version 12.00
# Visual Studio Version 17
VisualStudioVersion = 17.14.36518.9 d17.14
MinimumVisualStudioVersion = 10.0.40219.1
Project("{FAE04EC0-301F-11D3-BF4B-00C04F79EFBC}") = "Shared_Lib", "Shared_Lib\Shared_Lib.csproj", "{BE87A492-B3AB-4B14-BB87-E2AAE97D01BC}"
EndProject
Global
	GlobalSection(SolutionConfigurationPlatforms) = preSolution
		Debug|Any CPU = Debug|Any CPU
		Release|Any CPU = Release|Any CPU
	EndGlobalSection
	GlobalSection(ProjectConfigurationPlatforms) = postSolution
		{BE87A492-B3AB-4B14-BB87-E2AAE97D01BC}.Debug|Any CPU.ActiveCfg = Debug|Any CPU
		{BE87A492-B3AB-4B14-BB87-E2AAE97D01BC}.Debug|Any CPU.Build.0 = Debug|Any CPU
		{BE87A492-B3AB-4B14-BB87-E2AAE97D01BC}.Release|Any CPU.ActiveCfg = Release|Any CPU
		{BE87A492-B3AB-4B14-BB87-E2AAE97D01BC}.Release|Any CPU.Build.0 = Release|Any CPU
	EndGlobalSection
	GlobalSection(SolutionProperties) = preSolution
		HideSolutionNode = FALSE
	EndGlobalSection
	GlobalSection(ExtensibilityGlobals) = postSolution
		SolutionGuid = {7105D3E6-91BA-47DE-8425-1E9374BD44B5}
	EndGlobalSection
EndGlobal
