
Microsoft Visual Studio Solution File, Format Version 12.00
# Visual Studio Version 17
VisualStudioVersion = 17.14.36518.9 d17.14
MinimumVisualStudioVersion = 10.0.40219.1
Project("{FAE04EC0-301F-11D3-BF4B-00C04F79EFBC}") = "klient4", "klient4\klient4.csproj", "{FC7E668F-82E0-48FF-B651-4AC9D8AAF25A}"
EndProject
Global
	GlobalSection(SolutionConfigurationPlatforms) = preSolution
		Debug|Any CPU = Debug|Any CPU
		Release|Any CPU = Release|Any CPU
	EndGlobalSection
	GlobalSection(ProjectConfigurationPlatforms) = postSolution
		{FC7E668F-82E0-48FF-B651-4AC9D8AAF25A}.Debug|Any CPU.ActiveCfg = Debug|Any CPU
		{FC7E668F-82E0-48FF-B651-4AC9D8AAF25A}.Debug|Any CPU.Build.0 = Debug|Any CPU
		{FC7E668F-82E0-48FF-B651-4AC9D8AAF25A}.Release|Any CPU.ActiveCfg = Release|Any CPU
		{FC7E668F-82E0-48FF-B651-4AC9D8AAF25A}.Release|Any CPU.Build.0 = Release|Any CPU
	EndGlobalSection
	GlobalSection(SolutionProperties) = preSolution
		HideSolutionNode = FALSE
	EndGlobalSection
	GlobalSection(ExtensibilityGlobals) = postSolution
		SolutionGuid = {76A0D1C8-F5F9-4146-AEBC-A5F17C9E83C3}
	EndGlobalSection
EndGlobal
