
Microsoft Visual Studio Solution File, Format Version 12.00
# Visual Studio Version 17
VisualStudioVersion = 17.14.36518.9 d17.14
MinimumVisualStudioVersion = 10.0.40219.1
Project("{FAE04EC0-301F-11D3-BF4B-00C04F79EFBC}") = "Server7", "Server7\Server7.csproj", "{1A873D14-9178-4D26-8F55-7D4613614934}"
EndProject
Global
	GlobalSection(SolutionConfigurationPlatforms) = preSolution
		Debug|Any CPU = Debug|Any CPU
		Release|Any CPU = Release|Any CPU
	EndGlobalSection
	GlobalSection(ProjectConfigurationPlatforms) = postSolution
		{1A873D14-9178-4D26-8F55-7D4613614934}.Debug|Any CPU.ActiveCfg = Debug|Any CPU
		{1A873D14-9178-4D26-8F55-7D4613614934}.Debug|Any CPU.Build.0 = Debug|Any CPU
		{1A873D14-9178-4D26-8F55-7D4613614934}.Release|Any CPU.ActiveCfg = Release|Any CPU
		{1A873D14-9178-4D26-8F55-7D4613614934}.Release|Any CPU.Build.0 = Release|Any CPU
	EndGlobalSection
	GlobalSection(SolutionProperties) = preSolution
		HideSolutionNode = FALSE
	EndGlobalSection
	GlobalSection(ExtensibilityGlobals) = postSolution
		SolutionGuid = {81741BCF-0DF9-41BF-A7F6-04AF06049CBA}
	EndGlobalSection
EndGlobal
